{
    "_readme": [
        "This file locks the dependencies of your project to a known state",
        "Read more about it at https://getcomposer.org/doc/01-basic-usage.md#composer-lock-the-lock-file",
        "This file is @generated automatically"
    ],
    "hash": "e1edab6523ffccc707b2abb899bbb152",
    "content-hash": "4ee5249037ad6b95d5d0b96d0c9a5dbd",
    "packages": [
        {
            "name": "10up/wp-gears",
            "version": "2.1.0",
            "source": {
                "type": "git",
                "url": "https://github.com/10up/WP-Gears.git",
                "reference": "f497bdea36be425fb7de5090678db3c069c7344c"
            },
            "dist": {
                "type": "zip",
                "url": "https://api.github.com/repos/10up/WP-Gears/zipball/f497bdea36be425fb7de5090678db3c069c7344c",
                "reference": "f497bdea36be425fb7de5090678db3c069c7344c",
                "shasum": ""
            },
            "require": {
                "composer/installers": "~1.0"
            },
            "require-dev": {
                "mockery/mockery": "~0.9.0",
                "phpunit/phpunit": "~3.7"
            },
            "type": "wordpress-plugin",
            "autoload": {
                "psr-4": {
                    "WpGears\\": "includes/WpGears"
                }
            },
            "license": [
                "GPLv2"
            ],
            "authors": [
                {
                    "name": "Chris Marslender",
                    "email": "chrismarslender@gmail.com"
                },
                {
                    "name": "10up",
                    "homepage": "http://10up.com"
                }
            ],
            "description": "Integrate Gearman with WordPress",
            "support": {
                "source": "https://github.com/10up/WP-Gears/tree/2.1.0",
                "issues": "https://github.com/10up/WP-Gears/issues"
            },
            "time": "2016-05-31 17:33:47"
        },
        {
            "name": "composer/installers",
            "version": "v1.2.0",
            "source": {
                "type": "git",
                "url": "https://github.com/composer/installers.git",
                "reference": "d78064c68299743e0161004f2de3a0204e33b804"
            },
            "dist": {
                "type": "zip",
                "url": "https://api.github.com/repos/composer/installers/zipball/d78064c68299743e0161004f2de3a0204e33b804",
                "reference": "d78064c68299743e0161004f2de3a0204e33b804",
                "shasum": ""
            },
            "require": {
                "composer-plugin-api": "^1.0"
            },
            "replace": {
                "roundcube/plugin-installer": "*",
                "shama/baton": "*"
            },
            "require-dev": {
                "composer/composer": "1.0.*@dev",
                "phpunit/phpunit": "4.1.*"
            },
            "type": "composer-plugin",
            "extra": {
                "class": "Composer\\Installers\\Plugin",
                "branch-alias": {
                    "dev-master": "1.0-dev"
                }
            },
            "autoload": {
                "psr-4": {
                    "Composer\\Installers\\": "src/Composer/Installers"
                }
            },
            "notification-url": "https://packagist.org/downloads/",
            "license": [
                "MIT"
            ],
            "authors": [
                {
                    "name": "Kyle Robinson Young",
                    "email": "kyle@dontkry.com",
                    "homepage": "https://github.com/shama"
                }
            ],
            "description": "A multi-framework Composer library installer",
            "homepage": "https://composer.github.io/installers/",
            "keywords": [
                "Craft",
                "Dolibarr",
                "Hurad",
                "ImageCMS",
                "MODX Evo",
                "Mautic",
                "OXID",
                "Plentymarkets",
                "RadPHP",
                "SMF",
                "Thelia",
                "WolfCMS",
                "agl",
                "aimeos",
                "annotatecms",
                "attogram",
                "bitrix",
                "cakephp",
                "chef",
                "cockpit",
                "codeigniter",
                "concrete5",
                "croogo",
                "dokuwiki",
                "drupal",
                "elgg",
                "expressionengine",
                "fuelphp",
                "grav",
                "installer",
                "joomla",
                "kohana",
                "laravel",
                "lithium",
                "magento",
                "mako",
                "mediawiki",
                "modulework",
                "moodle",
                "phpbb",
                "piwik",
                "ppi",
                "puppet",
                "reindex",
                "roundcube",
                "shopware",
                "silverstripe",
                "symfony",
                "typo3",
                "wordpress",
                "yawik",
                "zend",
                "zikula"
            ],
            "time": "2016-08-13 20:53:52"
        },
        {
            "name": "wpackagist-plugin/edit-flow",
            "version": "0.8.2",
            "source": {
                "type": "svn",
                "url": "https://plugins.svn.wordpress.org/edit-flow/",
                "reference": "tags/0.8.2"
            },
            "dist": {
                "type": "zip",
                "url": "https://downloads.wordpress.org/plugin/edit-flow.0.8.2.zip",
                "reference": null,
                "shasum": null
            },
            "require": {
                "composer/installers": "~1.0"
            },
            "type": "wordpress-plugin",
            "homepage": "https://wordpress.org/plugins/edit-flow/"
        },
        {
            "name": "wpackagist-plugin/ooyala-video-browser",
            "version": "2.3.3",
            "source": {
                "type": "svn",
                "url": "https://plugins.svn.wordpress.org/ooyala-video-browser/",
                "reference": "tags/2.3.3"
            },
            "dist": {
                "type": "zip",
                "url": "https://downloads.wordpress.org/plugin/ooyala-video-browser.2.3.3.zip",
                "reference": null,
                "shasum": null
            },
            "require": {
                "composer/installers": "~1.0"
            },
            "type": "wordpress-plugin",
            "homepage": "https://wordpress.org/plugins/ooyala-video-browser/"
        },
        {
            "name": "wpackagist-plugin/rest-api",
            "version": "2.0-beta15",
            "source": {
                "type": "svn",
                "url": "https://plugins.svn.wordpress.org/rest-api/",
                "reference": "tags/2.0-beta15"
            },
            "dist": {
                "type": "zip",
                "url": "https://downloads.wordpress.org/plugin/rest-api.2.0-beta15.zip",
                "reference": null,
                "shasum": null
            },
            "require": {
                "composer/installers": "~1.0"
            },
            "type": "wordpress-plugin",
            "homepage": "https://wordpress.org/plugins/rest-api/"
        },
        {
            "name": "wpackagist-plugin/the-events-calendar",
            "version": "4.4.0.1",
            "source": {
                "type": "svn",
                "url": "https://plugins.svn.wordpress.org/the-events-calendar/",
                "reference": "tags/4.4.0.1"
            },
            "dist": {
                "type": "zip",
                "url": "https://downloads.wordpress.org/plugin/the-events-calendar.4.4.0.1.zip",
                "reference": null,
                "shasum": null
            },
            "require": {
                "composer/installers": "~1.0"
            },
            "type": "wordpress-plugin",
            "homepage": "https://wordpress.org/plugins/the-events-calendar/"
        },
        {
            "name": "wpackagist-plugin/video-thumbnails",
            "version": "2.12.3",
            "source": {
                "type": "svn",
                "url": "https://plugins.svn.wordpress.org/video-thumbnails/",
                "reference": "tags/2.12.3"
            },
            "dist": {
                "type": "zip",
                "url": "https://downloads.wordpress.org/plugin/video-thumbnails.2.12.3.zip",
                "reference": null,
                "shasum": null
            },
            "require": {
                "composer/installers": "~1.0"
            },
            "type": "wordpress-plugin",
            "homepage": "https://wordpress.org/plugins/video-thumbnails/"
        },
        {
            "name": "wpackagist-plugin/wordpress-seo",
            "version": "3.9",
            "source": {
                "type": "svn",
                "url": "https://plugins.svn.wordpress.org/wordpress-seo/",
                "reference": "tags/3.9"
            },
            "dist": {
                "type": "zip",
                "url": "https://downloads.wordpress.org/plugin/wordpress-seo.3.9.zip",
                "reference": null,
                "shasum": null
            },
            "require": {
                "composer/installers": "~1.0"
            },
            "type": "wordpress-plugin",
            "homepage": "https://wordpress.org/plugins/wordpress-seo/"
        },
        {
            "name": "wpackagist-plugin/yet-another-related-posts-plugin",
            "version": "4.3.6",
            "source": {
                "type": "svn",
                "url": "https://plugins.svn.wordpress.org/yet-another-related-posts-plugin/",
                "reference": "tags/4.3.6"
            },
            "dist": {
                "type": "zip",
                "url": "https://downloads.wordpress.org/plugin/yet-another-related-posts-plugin.4.3.6.zip",
                "reference": null,
                "shasum": null
            },
            "require": {
                "composer/installers": "~1.0"
            },
            "type": "wordpress-plugin",
            "homepage": "https://wordpress.org/plugins/yet-another-related-posts-plugin/"
        }
    ],
    "packages-dev": [
        {
            "name": "simplyadmire/composer-plugins",
            "version": "dev-master",
            "source": {
                "type": "git",
                "url": "https://github.com/SimplyAdmire/ComposerPlugins.git",
                "reference": "d8380f670694c1c2330b22591ca74adc82cffe19"
            },
            "dist": {
                "type": "zip",
                "url": "https://api.github.com/repos/SimplyAdmire/ComposerPlugins/zipball/d8380f670694c1c2330b22591ca74adc82cffe19",
                "reference": "d8380f670694c1c2330b22591ca74adc82cffe19",
                "shasum": ""
            },
            "require": {
                "composer-plugin-api": "^1.0",
                "squizlabs/php_codesniffer": "*"
            },
            "type": "composer-plugin",
            "extra": {
                "class": [
                    "SimplyAdmire\\ComposerPlugins\\PhpCodesnifferStandardInstallerPlugin"
                ]
            },
            "autoload": {
                "psr-0": {
                    "SimplyAdmire\\ComposerPlugins": ""
                }
            },
            "notification-url": "https://packagist.org/downloads/",
            "license": [
                "LGPL-3.0+"
            ],
            "authors": [
                {
                    "name": "Rens Admiraal",
                    "email": "rens@simplyadmire.com",
                    "role": "lead"
                }
            ],
            "description": "Composer plugin for installing PHP_CodeSniffer standards",
            "keywords": [
                "PHP_CodeSniffer",
                "TYPO3 CMS",
                "TYPO3 Flow",
                "TYPO3 Neos",
                "phpcs",
                "standards",
                "typo3"
            ],
            "abandoned": true,
            "time": "2016-05-12 11:58:38"
        },
        {
            "name": "squizlabs/php_codesniffer",
            "version": "2.6.2",
            "source": {
                "type": "git",
                "url": "https://github.com/squizlabs/PHP_CodeSniffer.git",
                "reference": "4edb770cb853def6e60c93abb088ad5ac2010c83"
            },
            "dist": {
                "type": "zip",
                "url": "https://api.github.com/repos/squizlabs/PHP_CodeSniffer/zipball/4edb770cb853def6e60c93abb088ad5ac2010c83",
                "reference": "4edb770cb853def6e60c93abb088ad5ac2010c83",
                "shasum": ""
            },
            "require": {
                "ext-simplexml": "*",
                "ext-tokenizer": "*",
                "ext-xmlwriter": "*",
                "php": ">=5.1.2"
            },
            "require-dev": {
                "phpunit/phpunit": "~4.0"
            },
            "bin": [
                "scripts/phpcs",
                "scripts/phpcbf"
            ],
            "type": "library",
            "extra": {
                "branch-alias": {
                    "dev-master": "2.x-dev"
                }
            },
            "autoload": {
                "classmap": [
                    "CodeSniffer.php",
                    "CodeSniffer/CLI.php",
                    "CodeSniffer/Exception.php",
                    "CodeSniffer/File.php",
                    "CodeSniffer/Fixer.php",
                    "CodeSniffer/Report.php",
                    "CodeSniffer/Reporting.php",
                    "CodeSniffer/Sniff.php",
                    "CodeSniffer/Tokens.php",
                    "CodeSniffer/Reports/",
                    "CodeSniffer/Tokenizers/",
                    "CodeSniffer/DocGenerators/",
                    "CodeSniffer/Standards/AbstractPatternSniff.php",
                    "CodeSniffer/Standards/AbstractScopeSniff.php",
                    "CodeSniffer/Standards/AbstractVariableSniff.php",
                    "CodeSniffer/Standards/IncorrectPatternException.php",
                    "CodeSniffer/Standards/Generic/Sniffs/",
                    "CodeSniffer/Standards/MySource/Sniffs/",
                    "CodeSniffer/Standards/PEAR/Sniffs/",
                    "CodeSniffer/Standards/PSR1/Sniffs/",
                    "CodeSniffer/Standards/PSR2/Sniffs/",
                    "CodeSniffer/Standards/Squiz/Sniffs/",
                    "CodeSniffer/Standards/Zend/Sniffs/"
                ]
            },
            "notification-url": "https://packagist.org/downloads/",
            "license": [
                "BSD-3-Clause"
            ],
            "authors": [
                {
                    "name": "Greg Sherwood",
                    "role": "lead"
                }
            ],
            "description": "PHP_CodeSniffer tokenizes PHP, JavaScript and CSS files and detects violations of a defined set of coding standards.",
            "homepage": "http://www.squizlabs.com/php-codesniffer",
            "keywords": [
                "phpcs",
                "standards"
            ],
            "time": "2016-07-13 23:29:13"
        },
        {
            "name": "wimg/php-compatibility",
            "version": "dev-master",
            "source": {
                "type": "git",
                "url": "https://github.com/wimg/PHPCompatibility.git",
                "reference": "4fa57b3a0251a14198c001492c595d03020e2f05"
            },
            "dist": {
                "type": "zip",
                "url": "https://api.github.com/repos/wimg/PHPCompatibility/zipball/4fa57b3a0251a14198c001492c595d03020e2f05",
                "reference": "4fa57b3a0251a14198c001492c595d03020e2f05",
                "shasum": ""
            },
            "require": {
                "ext-tokenizer": "*",
                "php": ">=5.1.2",
                "squizlabs/php_codesniffer": "~2.0"
            },
            "require-dev": {
                "satooshi/php-coveralls": "dev-master"
            },
            "type": "phpcodesniffer-standard",
            "autoload": {
                "psr-4": {
                    "PHPCompatibility\\": ""
                }
            },
            "notification-url": "https://packagist.org/downloads/",
            "license": [
                "LGPL-3.0"
            ],
            "authors": [
                {
                    "name": "Wim Godden",
                    "role": "lead"
                }
            ],
            "description": "This is a set of sniffs for PHP_CodeSniffer that checks for PHP version compatibility.",
            "homepage": "http://techblog.wimgodden.be/tag/codesniffer/",
            "keywords": [
                "compatibility",
                "phpcs",
                "standards"
            ],
            "time": "2017-01-15 22:45:24"
        },
        {
            "name": "wpackagist-plugin/core-control",
            "version": "1.2.1",
            "source": {
                "type": "svn",
                "url": "https://plugins.svn.wordpress.org/core-control/",
                "reference": "tags/1.2.1"
            },
            "dist": {
                "type": "zip",
                "url": "https://downloads.wordpress.org/plugin/core-control.1.2.1.zip",
                "reference": null,
                "shasum": null
            },
            "require": {
                "composer/installers": "~1.0"
            },
            "type": "wordpress-plugin",
            "homepage": "https://wordpress.org/plugins/core-control/"
        },
        {
            "name": "wpackagist-plugin/debug-bar",
            "version": "0.8.4",
            "source": {
                "type": "svn",
                "url": "https://plugins.svn.wordpress.org/debug-bar/",
                "reference": "tags/0.8.4"
            },
            "dist": {
                "type": "zip",
                "url": "https://downloads.wordpress.org/plugin/debug-bar.0.8.4.zip",
                "reference": null,
                "shasum": null
            },
            "require": {
                "composer/installers": "~1.0"
            },
            "type": "wordpress-plugin",
            "homepage": "https://wordpress.org/plugins/debug-bar/"
        },
        {
            "name": "wpackagist-plugin/debug-bar-extender",
            "version": "0.5",
            "source": {
                "type": "svn",
                "url": "https://plugins.svn.wordpress.org/debug-bar-extender/",
                "reference": "trunk"
            },
            "dist": {
                "type": "zip",
                "url": "https://downloads.wordpress.org/plugin/debug-bar-extender.zip",
                "reference": null,
                "shasum": null
            },
            "require": {
                "composer/installers": "~1.0"
            },
            "type": "wordpress-plugin",
            "homepage": "https://wordpress.org/plugins/debug-bar-extender/"
        },
        {
            "name": "wpackagist-plugin/query-monitor",
            "version": "2.13.2",
            "source": {
                "type": "svn",
                "url": "https://plugins.svn.wordpress.org/query-monitor/",
                "reference": "tags/2.13.2"
            },
            "dist": {
                "type": "zip",
                "url": "https://downloads.wordpress.org/plugin/query-monitor.2.13.2.zip",
                "reference": null,
                "shasum": null
            },
            "require": {
                "composer/installers": "~1.0"
            },
            "type": "wordpress-plugin",
            "homepage": "https://wordpress.org/plugins/query-monitor/"
        },
        {
            "name": "wpackagist-plugin/rewrite-rules-inspector",
            "version": "1.2.1",
            "source": {
                "type": "svn",
                "url": "https://plugins.svn.wordpress.org/rewrite-rules-inspector/",
                "reference": "tags/1.2.1"
            },
            "dist": {
                "type": "zip",
                "url": "https://downloads.wordpress.org/plugin/rewrite-rules-inspector.1.2.1.zip",
                "reference": null,
                "shasum": null
            },
            "require": {
                "composer/installers": "~1.0"
            },
            "type": "wordpress-plugin",
            "homepage": "https://wordpress.org/plugins/rewrite-rules-inspector/"
        },
        {
            "name": "wpengine/phpcompat",
            "version": "dev-master",
            "source": {
                "type": "git",
                "url": "https://github.com/wpengine/phpcompat.git",
                "reference": "9278e7f4d184be4fbb8d39be690c9b3abac14ed7"
            },
            "dist": {
                "type": "zip",
                "url": "https://api.github.com/repos/wpengine/phpcompat/zipball/9278e7f4d184be4fbb8d39be690c9b3abac14ed7",
                "reference": "9278e7f4d184be4fbb8d39be690c9b3abac14ed7",
                "shasum": ""
            },
            "require": {
                "simplyadmire/composer-plugins": "@dev",
                "squizlabs/php_codesniffer": "2.6.*",
                "wimg/php-compatibility": "dev-master"
            },
            "require-dev": {
                "neronmoon/scriptsdev": "^0.1.0",
                "wp-coding-standards/wpcs": "dev-master"
            },
            "type": "wordpress-plugin",
            "autoload": {
                "classmap": [
                    "src/wpephpcompat.php"
                ]
            },
            "scripts": {
                "post-update-cmd": [
                    "vendor/bin/phpcs --config-delete installed_paths; rm -rf vendor/squizlabs/php_codesniffer/CodeSniffer/Standards/PHPCompatibility; cp -rp vendor/wimg/php-compatibility vendor/squizlabs/php_codesniffer/CodeSniffer/Standards/PHPCompatibility"
                ],
                "post-install-cmd": [
                    "vendor/bin/phpcs --config-delete installed_paths; rm -rf vendor/squizlabs/php_codesniffer/CodeSniffer/Standards/PHPCompatibility; cp -rp vendor/wimg/php-compatibility vendor/squizlabs/php_codesniffer/CodeSniffer/Standards/PHPCompatibility"
                ]
            },
            "authors": [
                {
                    "name": "Jason Stallings",
                    "email": "jason@stallin.gs"
                }
            ],
            "description": "Test PHP Compatibility.",
            "support": {
                "source": "https://github.com/wpengine/phpcompat/tree/master",
                "issues": "https://github.com/wpengine/phpcompat/issues"
            },
            "time": "2017-01-13 22:40:16"
        }
    ],
    "aliases": [],
    "minimum-stability": "dev",
    "stability-flags": {
        "wpengine/phpcompat": 20
    },
    "prefer-stable": false,
    "prefer-lowest": false,
    "platform": [],
    "platform-dev": []
}
