{
    "_readme": [
        "This file locks the dependencies of your project to a known state",
        "Read more about it at https://getcomposer.org/doc/01-basic-usage.md#installing-dependencies",
        "This file is @generated automatically"
    ],
    "content-hash": "e948cb8171e168881b8efb634cd5b204",
    "packages": [
        {
            "name": "cmmarslender/post-iterator",
            "version": "2.0.1",
            "source": {
                "type": "git",
                "url": "https://github.com/cmmarslender/post-iterator.git",
                "reference": "5c9007614a4979183c77ea5fb009bb577d44d3a1"
            },
            "dist": {
                "type": "zip",
                "url": "https://api.github.com/repos/cmmarslender/post-iterator/zipball/5c9007614a4979183c77ea5fb009bb577d44d3a1",
                "reference": "5c9007614a4979183c77ea5fb009bb577d44d3a1",
                "shasum": ""
            },
            "require": {
                "cmmarslender/timer": "^1.0",
                "composer/installers": "~1.0"
            },
            "require-dev": {
                "10up/wp_mock": "dev-master"
            },
            "type": "wordpress-library",
            "autoload": {
                "psr-4": {
                    "Cmmarslender\\PostIterator\\": "includes/Cmmarslender/PostIterator"
                }
            },
            "notification-url": "https://packagist.org/downloads/",
            "license": [
                "MIT"
            ],
            "authors": [
                {
                    "name": "Chris Marslender",
                    "email": "chrismarslender@gmail.com"
                }
            ],
            "description": "WPDB Based Post Iterator for WordPress",
            "time": "2017-12-12T22:26:03+00:00"
        },
        {
            "name": "cmmarslender/timer",
            "version": "1.0.1",
            "source": {
                "type": "git",
                "url": "https://github.com/cmmarslender/timer.git",
                "reference": "e4016c4b9d9e660306b3d9a76dbc354f1cfd0ee7"
            },
            "dist": {
                "type": "zip",
                "url": "https://api.github.com/repos/cmmarslender/timer/zipball/e4016c4b9d9e660306b3d9a76dbc354f1cfd0ee7",
                "reference": "e4016c4b9d9e660306b3d9a76dbc354f1cfd0ee7",
                "shasum": ""
            },
            "type": "library",
            "autoload": {
                "psr-4": {
                    "Cmmarslender\\Timer\\": "includes/Cmmarslender/Timer"
                }
            },
            "notification-url": "https://packagist.org/downloads/",
            "license": [
                "MIT"
            ],
            "authors": [
                {
                    "name": "Chris Marslender",
                    "email": "chrismarslender@gmail.com"
                }
            ],
            "description": "PHP Timer with optional per-item averages",
            "time": "2016-01-19T01:41:38+00:00"
        },
        {
            "name": "composer/installers",
            "version": "dev-main",
            "source": {
                "type": "git",
                "url": "https://github.com/composer/installers.git",
                "reference": "df100b004465aa07b686f1c2245bbb4794498b07"
            },
            "dist": {
                "type": "zip",
                "url": "https://api.github.com/repos/composer/installers/zipball/df100b004465aa07b686f1c2245bbb4794498b07",
                "reference": "df100b004465aa07b686f1c2245bbb4794498b07",
                "shasum": ""
            },
            "require": {
                "composer-plugin-api": "^1.0 || ^2.0"
            },
            "replace": {
                "roundcube/plugin-installer": "*",
                "shama/baton": "*"
            },
            "require-dev": {
                "composer/composer": "1.6.* || ^2.0",
                "composer/semver": "^1 || ^3",
                "phpstan/phpstan": "^0.12.55",
                "phpstan/phpstan-phpunit": "^0.12.16",
                "symfony/phpunit-bridge": "^4.2 || ^5",
                "symfony/process": "^2.3"
            },
            "type": "composer-plugin",
            "extra": {
                "class": "Composer\\Installers\\Plugin",
                "branch-alias": {
                    "dev-main": "1.x-dev"
                }
            },
            "autoload": {
                "psr-4": {
                    "Composer\\Installers\\": "src/Composer/Installers"
                }
            },
            "notification-url": "https://packagist.org/downloads/",
            "license": [
                "MIT"
            ],
            "authors": [
                {
                    "name": "Kyle Robinson Young",
                    "email": "kyle@dontkry.com",
                    "homepage": "https://github.com/shama"
                }
            ],
            "description": "A multi-framework Composer library installer",
            "homepage": "https://composer.github.io/installers/",
            "keywords": [
                "Craft",
                "Dolibarr",
                "Eliasis",
                "Hurad",
                "ImageCMS",
                "Kanboard",
                "Lan Management System",
                "MODX Evo",
                "MantisBT",
                "Mautic",
                "Maya",
                "OXID",
                "Plentymarkets",
                "Porto",
                "RadPHP",
                "SMF",
                "Starbug",
                "Thelia",
                "Whmcs",
                "WolfCMS",
                "agl",
                "aimeos",
                "annotatecms",
                "attogram",
                "bitrix",
                "cakephp",
                "chef",
                "cockpit",
                "codeigniter",
                "concrete5",
                "croogo",
                "dokuwiki",
                "drupal",
                "eZ Platform",
                "elgg",
                "expressionengine",
                "fuelphp",
                "grav",
                "installer",
                "itop",
                "joomla",
                "known",
                "kohana",
                "laravel",
                "lavalite",
                "lithium",
                "magento",
                "majima",
                "mako",
                "mediawiki",
                "modulework",
                "modx",
                "moodle",
                "osclass",
                "phpbb",
                "piwik",
                "ppi",
                "processwire",
                "puppet",
                "pxcms",
                "reindex",
                "roundcube",
                "shopware",
                "silverstripe",
                "sydes",
                "sylius",
                "symfony",
                "typo3",
                "wordpress",
                "yawik",
                "zend",
                "zikula"
            ],
            "time": "2021-01-14T20:30:14+00:00"
        }
    ],
    "packages-dev": [],
    "aliases": [],
    "minimum-stability": "dev",
    "stability-flags": [],
    "prefer-stable": false,
    "prefer-lowest": false,
    "platform": [],
    "platform-dev": [],
    "platform-overrides": {
        "php": "7.0.33"
    }
}
